
Microsoft Visual Studio Solution File, Format Version 12.00
# Visual Studio Version 16
VisualStudioVersion = 16.0.30804.86
MinimumVisualStudioVersion = 10.0.40219.1
Project("{FAE04EC0-301F-11D3-BF4B-00C04F79EFBC}") = "HarithmaSalesAppv2", "HarithmaSalesAppv2\HarithmaSalesAppv2.csproj", "{C8B1C1C4-40BE-40C4-B7DC-FE02786DF478}"
EndProject
Global
	GlobalSection(SolutionConfigurationPlatforms) = preSolution
		Debug|Any CPU = Debug|Any CPU
		Release|Any CPU = Release|Any CPU
	EndGlobalSection
	GlobalSection(ProjectConfigurationPlatforms) = postSolution
		{C8B1C1C4-40BE-40C4-B7DC-FE02786DF478}.Debug|Any CPU.ActiveCfg = Debug|Any CPU
		{C8B1C1C4-40BE-40C4-B7DC-FE02786DF478}.Debug|Any CPU.Build.0 = Debug|Any CPU
		{C8B1C1C4-40BE-40C4-B7DC-FE02786DF478}.Release|Any CPU.ActiveCfg = Release|Any CPU
		{C8B1C1C4-40BE-40C4-B7DC-FE02786DF478}.Release|Any CPU.Build.0 = Release|Any CPU
	EndGlobalSection
	GlobalSection(SolutionProperties) = preSolution
		HideSolutionNode = FALSE
	EndGlobalSection
	GlobalSection(ExtensibilityGlobals) = postSolution
		SolutionGuid = {ED474EB6-25DF-48AA-A28E-5E0D7134B238}
	EndGlobalSection
EndGlobal
